
Microsoft Visual Studio Solution File, Format Version 12.00
# Visual Studio Version 17
VisualStudioVersion = 17.12.35514.174
MinimumVisualStudioVersion = 10.0.40219.1
Project("{FAE04EC0-301F-11D3-BF4B-00C04F79EFBC}") = "ExcaliburScarecrow", "ExcaliburScarecrow\ExcaliburScarecrow.csproj", "{C627ED6C-652D-4230-8065-27CFDC194FAD}"
EndProject
Global
	GlobalSection(SolutionConfigurationPlatforms) = preSolution
		Debug|Any CPU = Debug|Any CPU
		Release|Any CPU = Release|Any CPU
	EndGlobalSection
	GlobalSection(ProjectConfigurationPlatforms) = postSolution
		{C627ED6C-652D-4230-8065-27CFDC194FAD}.Debug|Any CPU.ActiveCfg = Release|Any CPU
		{C627ED6C-652D-4230-8065-27CFDC194FAD}.Debug|Any CPU.Build.0 = Release|Any CPU
		{C627ED6C-652D-4230-8065-27CFDC194FAD}.Release|Any CPU.ActiveCfg = Release|Any CPU
		{C627ED6C-652D-4230-8065-27CFDC194FAD}.Release|Any CPU.Build.0 = Release|Any CPU
	EndGlobalSection
	GlobalSection(SolutionProperties) = preSolution
		HideSolutionNode = FALSE
	EndGlobalSection
EndGlobal
